
Microsoft Visual Studio Solution File, Format Version 12.00
# Visual Studio Version 17
VisualStudioVersion = 17.4.33122.133
MinimumVisualStudioVersion = 10.0.40219.1
Project("{9A19103F-16F7-4668-BE54-9A1E7A4F7556}") = "WorkerSample.Worker", "WorkerSample\WorkerSample.Worker.csproj", "{5D6A6B90-D07E-4E9F-B918-8BE868A3E779}"
EndProject
Project("{2150E333-8FDC-42A3-9474-1A3956D46DE8}") = "Database", "Database", "{B0E3A5AF-4001-4544-887D-451287085B3C}"
EndProject
Project("{2150E333-8FDC-42A3-9474-1A3956D46DE8}") = "Scripts", "Scripts", "{8D21F2F5-7644-4C86-B9D5-BF78691C7418}"
EndProject
Project("{2150E333-8FDC-42A3-9474-1A3956D46DE8}") = "Create", "Create", "{AAC1AF7E-F406-45EE-90D7-DEEC4A8EEB82}"
	ProjectSection(SolutionItems) = preProject
		Database\Scripts\Create\1 - Database_eletronicos_user.sql = Database\Scripts\Create\1 - Database_eletronicos_user.sql
		Database\Scripts\Create\2 - Database_eletronicos_datalake.sql = Database\Scripts\Create\2 - Database_eletronicos_datalake.sql
		Database\Scripts\Create\3 - Tabela_eletronicos_user.sql = Database\Scripts\Create\3 - Tabela_eletronicos_user.sql
		Database\Scripts\Create\4 - Tabela_eletronicos_datalake.sql = Database\Scripts\Create\4 - Tabela_eletronicos_datalake.sql
	EndProjectSection
EndProject
Project("{9A19103F-16F7-4668-BE54-9A1E7A4F7556}") = "WorkerSample.Infrastructure", "Infrastructure\WorkerSample.Infrastructure.csproj", "{6049F5B7-F78C-4DE6-B691-32382E72A617}"
	ProjectSection(ProjectDependencies) = postProject
		{49D97D7A-5061-4096-9E8A-D30476BAEC2D} = {49D97D7A-5061-4096-9E8A-D30476BAEC2D}
	EndProjectSection
EndProject
Project("{9A19103F-16F7-4668-BE54-9A1E7A4F7556}") = "WorkerSample.Domain", "WorkerSample.Domain\WorkerSample.Domain.csproj", "{49D97D7A-5061-4096-9E8A-D30476BAEC2D}"
EndProject
Global
	GlobalSection(SolutionConfigurationPlatforms) = preSolution
		Debug|Any CPU = Debug|Any CPU
		Release|Any CPU = Release|Any CPU
	EndGlobalSection
	GlobalSection(ProjectConfigurationPlatforms) = postSolution
		{5D6A6B90-D07E-4E9F-B918-8BE868A3E779}.Debug|Any CPU.ActiveCfg = Debug|Any CPU
		{5D6A6B90-D07E-4E9F-B918-8BE868A3E779}.Debug|Any CPU.Build.0 = Debug|Any CPU
		{5D6A6B90-D07E-4E9F-B918-8BE868A3E779}.Release|Any CPU.ActiveCfg = Release|Any CPU
		{5D6A6B90-D07E-4E9F-B918-8BE868A3E779}.Release|Any CPU.Build.0 = Release|Any CPU
		{6049F5B7-F78C-4DE6-B691-32382E72A617}.Debug|Any CPU.ActiveCfg = Debug|Any CPU
		{6049F5B7-F78C-4DE6-B691-32382E72A617}.Debug|Any CPU.Build.0 = Debug|Any CPU
		{6049F5B7-F78C-4DE6-B691-32382E72A617}.Release|Any CPU.ActiveCfg = Release|Any CPU
		{6049F5B7-F78C-4DE6-B691-32382E72A617}.Release|Any CPU.Build.0 = Release|Any CPU
		{49D97D7A-5061-4096-9E8A-D30476BAEC2D}.Debug|Any CPU.ActiveCfg = Debug|Any CPU
		{49D97D7A-5061-4096-9E8A-D30476BAEC2D}.Debug|Any CPU.Build.0 = Debug|Any CPU
		{49D97D7A-5061-4096-9E8A-D30476BAEC2D}.Release|Any CPU.ActiveCfg = Release|Any CPU
		{49D97D7A-5061-4096-9E8A-D30476BAEC2D}.Release|Any CPU.Build.0 = Release|Any CPU
	EndGlobalSection
	GlobalSection(SolutionProperties) = preSolution
		HideSolutionNode = FALSE
	EndGlobalSection
	GlobalSection(NestedProjects) = preSolution
		{8D21F2F5-7644-4C86-B9D5-BF78691C7418} = {B0E3A5AF-4001-4544-887D-451287085B3C}
		{AAC1AF7E-F406-45EE-90D7-DEEC4A8EEB82} = {8D21F2F5-7644-4C86-B9D5-BF78691C7418}
	EndGlobalSection
	GlobalSection(ExtensibilityGlobals) = postSolution
		SolutionGuid = {2BFCF880-3492-4A43-864F-0AA7275EFD03}
	EndGlobalSection
EndGlobal
