
Microsoft Visual Studio Solution File, Format Version 12.00
# Visual Studio Version 17
VisualStudioVersion = 17.4.33122.133
MinimumVisualStudioVersion = 10.0.40219.1
Project("{2150E333-8FDC-42A3-9474-1A3956D46DE8}") = "Database", "Database", "{B0E3A5AF-4001-4544-887D-451287085B3C}"
EndProject
Project("{2150E333-8FDC-42A3-9474-1A3956D46DE8}") = "Scripts", "Scripts", "{8D21F2F5-7644-4C86-B9D5-BF78691C7418}"
EndProject
Project("{2150E333-8FDC-42A3-9474-1A3956D46DE8}") = "Create", "Create", "{AAC1AF7E-F406-45EE-90D7-DEEC4A8EEB82}"
	ProjectSection(SolutionItems) = preProject
		Database\Scripts\Create\1 - Database_eletronicos_user.sql = Database\Scripts\Create\1 - Database_eletronicos_user.sql
		Database\Scripts\Create\2 - Database_eletronicos_datalake.sql = Database\Scripts\Create\2 - Database_eletronicos_datalake.sql
		Database\Scripts\Create\3 - Login.sql = Database\Scripts\Create\3 - Login.sql
		Database\Scripts\Create\4 - Tabela_eletronicos_datalake.sql = Database\Scripts\Create\4 - Tabela_eletronicos_datalake.sql
		Database\Scripts\Create\5 - Tabela_eletronicos_user.sql = Database\Scripts\Create\5 - Tabela_eletronicos_user.sql
	EndProjectSection
EndProject
Project("{9A19103F-16F7-4668-BE54-9A1E7A4F7556}") = "WorkerSample.Domain", "WorkerSample.Domain\WorkerSample.Domain.csproj", "{49D97D7A-5061-4096-9E8A-D30476BAEC2D}"
EndProject
Project("{2150E333-8FDC-42A3-9474-1A3956D46DE8}") = "Insert", "Insert", "{F195636D-3AA4-4BEB-B22A-96A104655E1B}"
	ProjectSection(SolutionItems) = preProject
		Database\Scripts\Insert\1 - InsertTable_eletronicos_user.sql = Database\Scripts\Insert\1 - InsertTable_eletronicos_user.sql
	EndProjectSection
EndProject
Project("{9A19103F-16F7-4668-BE54-9A1E7A4F7556}") = "WorkerSample.Application", "WorkerSample.Application\WorkerSample.Application.csproj", "{BB91A451-5FB7-4C93-92DC-4DE1B65652DF}"
EndProject
Project("{9A19103F-16F7-4668-BE54-9A1E7A4F7556}") = "WorkerSample.Infrastructure", "WorkerSample.Infrastructure\WorkerSample.Infrastructure.csproj", "{A47E5661-E52A-4B75-B9BB-EEB48AB242E2}"
EndProject
Project("{9A19103F-16F7-4668-BE54-9A1E7A4F7556}") = "WorkerSample.Worker", "WorkerSample.Worker\WorkerSample.Worker.csproj", "{C254A041-3D9E-42F7-B9A0-E2059A6BB2FE}"
EndProject
Global
	GlobalSection(SolutionConfigurationPlatforms) = preSolution
		Debug|Any CPU = Debug|Any CPU
		Release|Any CPU = Release|Any CPU
	EndGlobalSection
	GlobalSection(ProjectConfigurationPlatforms) = postSolution
		{49D97D7A-5061-4096-9E8A-D30476BAEC2D}.Debug|Any CPU.ActiveCfg = Debug|Any CPU
		{49D97D7A-5061-4096-9E8A-D30476BAEC2D}.Debug|Any CPU.Build.0 = Debug|Any CPU
		{49D97D7A-5061-4096-9E8A-D30476BAEC2D}.Release|Any CPU.ActiveCfg = Release|Any CPU
		{49D97D7A-5061-4096-9E8A-D30476BAEC2D}.Release|Any CPU.Build.0 = Release|Any CPU
		{BB91A451-5FB7-4C93-92DC-4DE1B65652DF}.Debug|Any CPU.ActiveCfg = Debug|Any CPU
		{BB91A451-5FB7-4C93-92DC-4DE1B65652DF}.Debug|Any CPU.Build.0 = Debug|Any CPU
		{BB91A451-5FB7-4C93-92DC-4DE1B65652DF}.Release|Any CPU.ActiveCfg = Release|Any CPU
		{BB91A451-5FB7-4C93-92DC-4DE1B65652DF}.Release|Any CPU.Build.0 = Release|Any CPU
		{A47E5661-E52A-4B75-B9BB-EEB48AB242E2}.Debug|Any CPU.ActiveCfg = Debug|Any CPU
		{A47E5661-E52A-4B75-B9BB-EEB48AB242E2}.Debug|Any CPU.Build.0 = Debug|Any CPU
		{A47E5661-E52A-4B75-B9BB-EEB48AB242E2}.Release|Any CPU.ActiveCfg = Release|Any CPU
		{A47E5661-E52A-4B75-B9BB-EEB48AB242E2}.Release|Any CPU.Build.0 = Release|Any CPU
		{C254A041-3D9E-42F7-B9A0-E2059A6BB2FE}.Debug|Any CPU.ActiveCfg = Debug|Any CPU
		{C254A041-3D9E-42F7-B9A0-E2059A6BB2FE}.Debug|Any CPU.Build.0 = Debug|Any CPU
		{C254A041-3D9E-42F7-B9A0-E2059A6BB2FE}.Release|Any CPU.ActiveCfg = Release|Any CPU
		{C254A041-3D9E-42F7-B9A0-E2059A6BB2FE}.Release|Any CPU.Build.0 = Release|Any CPU
	EndGlobalSection
	GlobalSection(SolutionProperties) = preSolution
		HideSolutionNode = FALSE
	EndGlobalSection
	GlobalSection(NestedProjects) = preSolution
		{8D21F2F5-7644-4C86-B9D5-BF78691C7418} = {B0E3A5AF-4001-4544-887D-451287085B3C}
		{AAC1AF7E-F406-45EE-90D7-DEEC4A8EEB82} = {8D21F2F5-7644-4C86-B9D5-BF78691C7418}
		{F195636D-3AA4-4BEB-B22A-96A104655E1B} = {8D21F2F5-7644-4C86-B9D5-BF78691C7418}
	EndGlobalSection
	GlobalSection(ExtensibilityGlobals) = postSolution
		SolutionGuid = {2BFCF880-3492-4A43-864F-0AA7275EFD03}
	EndGlobalSection
EndGlobal
